
Microsoft Visual Studio Solution File, Format Version 12.00
# Visual Studio Version 16
VisualStudioVersion = 16.0.810.23
MinimumVisualStudioVersion = 10.0.40219.1
Project("{FAE04EC0-301F-11D3-BF4B-00C04F79EFBC}") = "vn_mode_csharp_dz11", "vn_mode_csharp_dz11.csproj", "{BFC899DC-DD84-49C8-9375-3D35BBB47393}"
EndProject
Global
	GlobalSection(SolutionConfigurationPlatforms) = preSolution
		Debug|Any CPU = Debug|Any CPU
		Release|Any CPU = Release|Any CPU
	EndGlobalSection
	GlobalSection(ProjectConfigurationPlatforms) = postSolution
		{BFC899DC-DD84-49C8-9375-3D35BBB47393}.Debug|Any CPU.ActiveCfg = Debug|Any CPU
		{BFC899DC-DD84-49C8-9375-3D35BBB47393}.Debug|Any CPU.Build.0 = Debug|Any CPU
		{BFC899DC-DD84-49C8-9375-3D35BBB47393}.Release|Any CPU.ActiveCfg = Release|Any CPU
		{BFC899DC-DD84-49C8-9375-3D35BBB47393}.Release|Any CPU.Build.0 = Release|Any CPU
	EndGlobalSection
	GlobalSection(SolutionProperties) = preSolution
		HideSolutionNode = FALSE
	EndGlobalSection
	GlobalSection(ExtensibilityGlobals) = postSolution
		SolutionGuid = {FD31EB84-F244-482C-B341-AA264CF27700}
	EndGlobalSection
EndGlobal
